<?xml version="1.0" encoding="utf-8"?>
<Project ToolsVersion="4.0" xmlns="http://schemas.microsoft.com/developer/msbuild/2003">
  <ItemGroup>
    <ClCompile Include="glfw_func_callbacks.cpp" />
    <ClCompile Include="main.cpp" />
    <ClCompile Include="pmxvLogger.cpp" />
    <ClCompile Include="sound.cpp" />
    <ClCompile Include="stdafx.cpp" />
    <ClCompile Include="viewer.cpp" />
    <ClCompile Include="libmmp\bulletphysics.cpp">
      <Filter>libmmp</Filter>
    </ClCompile>
    <ClCompile Include="libmmp\bulletdebugdrawer.cpp">
      <Filter>libmmp</Filter>
    </ClCompile>
    <ClCompile Include="libmmp\glm_helper.cpp">
      <Filter>libmmp</Filter>
    </ClCompile>
    <ClCompile Include="libmmp\interpolation.cpp">
      <Filter>libmmp</Filter>
    </ClCompile>
    <ClCompile Include="libmmp\kinect.cpp">
      <Filter>libmmp</Filter>
    </ClCompile>
    <ClCompile Include="libmmp\mmdphysics.cpp">
      <Filter>libmmp</Filter>
    </ClCompile>
    <ClCompile Include="libmmp\motioncontroller.cpp">
      <Filter>libmmp</Filter>
    </ClCompile>
    <ClCompile Include="libmmp\pmx.cpp">
      <Filter>libmmp</Filter>
    </ClCompile>
    <ClCompile Include="libmmp\shader.cpp">
      <Filter>libmmp</Filter>
    </ClCompile>
    <ClCompile Include="libmmp\texthandle.cpp">
      <Filter>libmmp</Filter>
    </ClCompile>
    <ClCompile Include="libmmp\vmd.cpp">
      <Filter>libmmp</Filter>
    </ClCompile>
    <ClCompile Include="libpath.cpp">
      <Filter>utils</Filter>
    </ClCompile>
    <ClCompile Include="libtext.cpp">
      <Filter>utils</Filter>
    </ClCompile>
  </ItemGroup>
  <ItemGroup>
    <ClInclude Include="glfw_func_callbacks.h" />
    <ClInclude Include="pmxvLogger.h" />
    <ClInclude Include="sound.h" />
    <ClInclude Include="stdafx.h" />
    <ClInclude Include="targetver.h" />
    <ClInclude Include="viewer.h" />
    <ClInclude Include="libpath.h">
      <Filter>utils</Filter>
    </ClInclude>
    <ClInclude Include="libtext.h">
      <Filter>utils</Filter>
    </ClInclude>
  </ItemGroup>
  <ItemGroup>
    <Text Include="ReadMe.txt" />
  </ItemGroup>
  <ItemGroup>
    <Filter Include="libmmp">
      <UniqueIdentifier>{2ff37645-8512-40c5-a405-c555ed99e653}</UniqueIdentifier>
    </Filter>
    <Filter Include="utils">
      <UniqueIdentifier>{beaaffd0-648a-42f9-9846-dce8a49fc86e}</UniqueIdentifier>
    </Filter>
  </ItemGroup>
</Project>